
Microsoft Visual Studio Solution File, Format Version 12.00
# Visual Studio Version 17
VisualStudioVersion = 17.2.32519.379
MinimumVisualStudioVersion = 10.0.40219.1
Project("{FAE04EC0-301F-11D3-BF4B-00C04F79EFBC}") = "LoginModule", "LoginModule\LoginModule.csproj", "{244AC94E-FB8F-4E35-AF5E-E9AD98553BB3}"
EndProject
Global
	GlobalSection(SolutionConfigurationPlatforms) = preSolution
		Debug|Any CPU = Debug|Any CPU
		Release|Any CPU = Release|Any CPU
	EndGlobalSection
	GlobalSection(ProjectConfigurationPlatforms) = postSolution
		{244AC94E-FB8F-4E35-AF5E-E9AD98553BB3}.Debug|Any CPU.ActiveCfg = Debug|Any CPU
		{244AC94E-FB8F-4E35-AF5E-E9AD98553BB3}.Debug|Any CPU.Build.0 = Debug|Any CPU
		{244AC94E-FB8F-4E35-AF5E-E9AD98553BB3}.Release|Any CPU.ActiveCfg = Release|Any CPU
		{244AC94E-FB8F-4E35-AF5E-E9AD98553BB3}.Release|Any CPU.Build.0 = Release|Any CPU
	EndGlobalSection
	GlobalSection(SolutionProperties) = preSolution
		HideSolutionNode = FALSE
	EndGlobalSection
	GlobalSection(ExtensibilityGlobals) = postSolution
		SolutionGuid = {D08EB535-81C0-4BA4-94D4-37365FC7F088}
	EndGlobalSection
EndGlobal
